// !$*UTF8*$!
{
	archiveVersion = 1;
	classes = {
	};
	objectVersion = 46;
	objects = {

/* Begin PBXBuildFile section */
		2028138D1BD1E0A2008B38EA /* AppDelegate.swift in Sources */ = {isa = PBXBuildFile; fileRef = 2028138C1BD1E0A2008B38EA /* AppDelegate.swift */; };
		2028138F1BD1E0A2008B38EA /* ViewController.swift in Sources */ = {isa = PBXBuildFile; fileRef = 2028138E1BD1E0A2008B38EA /* ViewController.swift */; };
		202813921BD1E0A2008B38EA /* Main.storyboard in Resources */ = {isa = PBXBuildFile; fileRef = 202813901BD1E0A2008B38EA /* Main.storyboard */; };
		202813941BD1E0A2008B38EA /* Assets.xcassets in Resources */ = {isa = PBXBuildFile; fileRef = 202813931BD1E0A2008B38EA /* Assets.xcassets */; };
		202813971BD1E0A2008B38EA /* LaunchScreen.storyboard in Resources */ = {isa = PBXBuildFile; fileRef = 202813951BD1E0A2008B38EA /* LaunchScreen.storyboard */; };
		202813A21BD1E0A2008B38EA /* PlummetTests.swift in Sources */ = {isa = PBXBuildFile; fileRef = 202813A11BD1E0A2008B38EA /* PlummetTests.swift */; };
		202813AD1BD1E0A2008B38EA /* PlummetUITests.swift in Sources */ = {isa = PBXBuildFile; fileRef = 202813AC1BD1E0A2008B38EA /* PlummetUITests.swift */; };
		202813BB1BD1E36B008B38EA /* PlummetScene.swift in Sources */ = {isa = PBXBuildFile; fileRef = 202813BA1BD1E36B008B38EA /* PlummetScene.swift */; };
/* End PBXBuildFile section */

/* Begin PBXContainerItemProxy section */
		2028139E1BD1E0A2008B38EA /* PBXContainerItemProxy */ = {
			isa = PBXContainerItemProxy;
			containerPortal = 202813811BD1E0A2008B38EA /* Project object */;
			proxyType = 1;
			remoteGlobalIDString = 202813881BD1E0A2008B38EA;
			remoteInfo = Plummet;
		};
		202813A91BD1E0A2008B38EA /* PBXContainerItemProxy */ = {
			isa = PBXContainerItemProxy;
			containerPortal = 202813811BD1E0A2008B38EA /* Project object */;
			proxyType = 1;
			remoteGlobalIDString = 202813881BD1E0A2008B38EA;
			remoteInfo = Plummet;
		};
/* End PBXContainerItemProxy section */

/* Begin PBXFileReference section */
		202813891BD1E0A2008B38EA /* Plummet.app */ = {isa = PBXFileReference; explicitFileType = wrapper.application; includeInIndex = 0; path = Plummet.app; sourceTree = BUILT_PRODUCTS_DIR; };
		2028138C1BD1E0A2008B38EA /* AppDelegate.swift */ = {isa = PBXFileReference; lastKnownFileType = sourcecode.swift; path = AppDelegate.swift; sourceTree = "<group>"; };
		2028138E1BD1E0A2008B38EA /* ViewController.swift */ = {isa = PBXFileReference; lastKnownFileType = sourcecode.swift; path = ViewController.swift; sourceTree = "<group>"; };
		202813911BD1E0A2008B38EA /* Base */ = {isa = PBXFileReference; lastKnownFileType = file.storyboard; name = Base; path = Base.lproj/Main.storyboard; sourceTree = "<group>"; };
		202813931BD1E0A2008B38EA /* Assets.xcassets */ = {isa = PBXFileReference; lastKnownFileType = folder.assetcatalog; path = Assets.xcassets; sourceTree = "<group>"; };
		202813961BD1E0A2008B38EA /* Base */ = {isa = PBXFileReference; lastKnownFileType = file.storyboard; name = Base; path = Base.lproj/LaunchScreen.storyboard; sourceTree = "<group>"; };
		202813981BD1E0A2008B38EA /* Info.plist */ = {isa = PBXFileReference; lastKnownFileType = text.plist.xml; path = Info.plist; sourceTree = "<group>"; };
		2028139D1BD1E0A2008B38EA /* PlummetTests.xctest */ = {isa = PBXFileReference; explicitFileType = wrapper.cfbundle; includeInIndex = 0; path = PlummetTests.xctest; sourceTree = BUILT_PRODUCTS_DIR; };
		202813A11BD1E0A2008B38EA /* PlummetTests.swift */ = {isa = PBXFileReference; lastKnownFileType = sourcecode.swift; path = PlummetTests.swift; sourceTree = "<group>"; };
		202813A31BD1E0A2008B38EA /* Info.plist */ = {isa = PBXFileReference; lastKnownFileType = text.plist.xml; path = Info.plist; sourceTree = "<group>"; };
		202813A81BD1E0A2008B38EA /* PlummetUITests.xctest */ = {isa = PBXFileReference; explicitFileType = wrapper.cfbundle; includeInIndex = 0; path = PlummetUITests.xctest; sourceTree = BUILT_PRODUCTS_DIR; };
		202813AC1BD1E0A2008B38EA /* PlummetUITests.swift */ = {isa = PBXFileReference; lastKnownFileType = sourcecode.swift; path = PlummetUITests.swift; sourceTree = "<group>"; };
		202813AE1BD1E0A2008B38EA /* Info.plist */ = {isa = PBXFileReference; lastKnownFileType = text.plist.xml; path = Info.plist; sourceTree = "<group>"; };
		202813BA1BD1E36B008B38EA /* PlummetScene.swift */ = {isa = PBXFileReference; fileEncoding = 4; lastKnownFileType = sourcecode.swift; path = PlummetScene.swift; sourceTree = "<group>"; };
/* End PBXFileReference section */

/* Begin PBXFrameworksBuildPhase section */
		202813861BD1E0A2008B38EA /* Frameworks */ = {
			isa = PBXFrameworksBuildPhase;
			buildActionMask = 2147483647;
			files = (
			);
			runOnlyForDeploymentPostprocessing = 0;
		};
		2028139A1BD1E0A2008B38EA /* Frameworks */ = {
			isa = PBXFrameworksBuildPhase;
			buildActionMask = 2147483647;
			files = (
			);
			runOnlyForDeploymentPostprocessing = 0;
		};
		202813A51BD1E0A2008B38EA /* Frameworks */ = {
			isa = PBXFrameworksBuildPhase;
			buildActionMask = 2147483647;
			files = (
			);
			runOnlyForDeploymentPostprocessing = 0;
		};
/* End PBXFrameworksBuildPhase section */

/* Begin PBXGroup section */
		202813801BD1E0A2008B38EA = {
			isa = PBXGroup;
			children = (
				2028138B1BD1E0A2008B38EA /* Plummet */,
				202813A01BD1E0A2008B38EA /* PlummetTests */,
				202813AB1BD1E0A2008B38EA /* PlummetUITests */,
				2028138A1BD1E0A2008B38EA /* Products */,
			);
			sourceTree = "<group>";
		};
		2028138A1BD1E0A2008B38EA /* Products */ = {
			isa = PBXGroup;
			children = (
				202813891BD1E0A2008B38EA /* Plummet.app */,
				2028139D1BD1E0A2008B38EA /* PlummetTests.xctest */,
				202813A81BD1E0A2008B38EA /* PlummetUITests.xctest */,
			);
			name = Products;
			sourceTree = "<group>";
		};
		2028138B1BD1E0A2008B38EA /* Plummet */ = {
			isa = PBXGroup;
			children = (
				2028138C1BD1E0A2008B38EA /* AppDelegate.swift */,
				2028138E1BD1E0A2008B38EA /* ViewController.swift */,
				202813901BD1E0A2008B38EA /* Main.storyboard */,
				202813BA1BD1E36B008B38EA /* PlummetScene.swift */,
				202813931BD1E0A2008B38EA /* Assets.xcassets */,
				202813951BD1E0A2008B38EA /* LaunchScreen.storyboard */,
				202813981BD1E0A2008B38EA /* Info.plist */,
			);
			path = Plummet;
			sourceTree = "<group>";
		};
		202813A01BD1E0A2008B38EA /* PlummetTests */ = {
			isa = PBXGroup;
			children = (
				202813A11BD1E0A2008B38EA /* PlummetTests.swift */,
				202813A31BD1E0A2008B38EA /* Info.plist */,
			);
			path = PlummetTests;
			sourceTree = "<group>";
		};
		202813AB1BD1E0A2008B38EA /* PlummetUITests */ = {
			isa = PBXGroup;
			children = (
				202813AC1BD1E0A2008B38EA /* PlummetUITests.swift */,
				202813AE1BD1E0A2008B38EA /* Info.plist */,
			);
			path = PlummetUITests;
			sourceTree = "<group>";
		};
/* End PBXGroup section */

/* Begin PBXNativeTarget section */
		202813881BD1E0A2008B38EA /* Plummet */ = {
			isa = PBXNativeTarget;
			buildConfigurationList = 202813B11BD1E0A2008B38EA /* Build configuration list for PBXNativeTarget "Plummet" */;
			buildPhases = (
				202813851BD1E0A2008B38EA /* Sources */,
				202813861BD1E0A2008B38EA /* Frameworks */,
				202813871BD1E0A2008B38EA /* Resources */,
			);
			buildRules = (
			);
			dependencies = (
			);
			name = Plummet;
			productName = Plummet;
			productReference = 202813891BD1E0A2008B38EA /* Plummet.app */;
			productType = "com.apple.product-type.application";
		};
		2028139C1BD1E0A2008B38EA /* PlummetTests */ = {
			isa = PBXNativeTarget;
			buildConfigurationList = 202813B41BD1E0A2008B38EA /* Build configuration list for PBXNativeTarget "PlummetTests" */;
			buildPhases = (
				202813991BD1E0A2008B38EA /* Sources */,
				2028139A1BD1E0A2008B38EA /* Frameworks */,
				2028139B1BD1E0A2008B38EA /* Resources */,
			);
			buildRules = (
			);
			dependencies = (
				2028139F1BD1E0A2008B38EA /* PBXTargetDependency */,
			);
			name = PlummetTests;
			productName = PlummetTests;
			productReference = 2028139D1BD1E0A2008B38EA /* PlummetTests.xctest */;
			productType = "com.apple.product-type.bundle.unit-test";
		};
		202813A71BD1E0A2008B38EA /* PlummetUITests */ = {
			isa = PBXNativeTarget;
			buildConfigurationList = 202813B71BD1E0A2008B38EA /* Build configuration list for PBXNativeTarget "PlummetUITests" */;
			buildPhases = (
				202813A41BD1E0A2008B38EA /* Sources */,
				202813A51BD1E0A2008B38EA /* Frameworks */,
				202813A61BD1E0A2008B38EA /* Resources */,
			);
			buildRules = (
			);
			dependencies = (
				202813AA1BD1E0A2008B38EA /* PBXTargetDependency */,
			);
			name = PlummetUITests;
			productName = PlummetUITests;
			productReference = 202813A81BD1E0A2008B38EA /* PlummetUITests.xctest */;
			productType = "com.apple.product-type.bundle.ui-testing";
		};
/* End PBXNativeTarget section */

/* Begin PBXProject section */
		202813811BD1E0A2008B38EA /* Project object */ = {
			isa = PBXProject;
			attributes = {
				LastSwiftUpdateCheck = 0710;
				LastUpgradeCheck = 0710;
				ORGANIZATIONNAME = "Hal Mueller";
				TargetAttributes = {
					202813881BD1E0A2008B38EA = {
						CreatedOnToolsVersion = 7.1;
					};
					2028139C1BD1E0A2008B38EA = {
						CreatedOnToolsVersion = 7.1;
						TestTargetID = 202813881BD1E0A2008B38EA;
					};
					202813A71BD1E0A2008B38EA = {
						CreatedOnToolsVersion = 7.1;
						TestTargetID = 202813881BD1E0A2008B38EA;
					};
				};
			};
			buildConfigurationList = 202813841BD1E0A2008B38EA /* Build configuration list for PBXProject "Plummet" */;
			compatibilityVersion = "Xcode 3.2";
			developmentRegion = English;
			hasScannedForEncodings = 0;
			knownRegions = (
				en,
				Base,
			);
			mainGroup = 202813801BD1E0A2008B38EA;
			productRefGroup = 2028138A1BD1E0A2008B38EA /* Products */;
			projectDirPath = "";
			projectRoot = "";
			targets = (
				202813881BD1E0A2008B38EA /* Plummet */,
				2028139C1BD1E0A2008B38EA /* PlummetTests */,
				202813A71BD1E0A2008B38EA /* PlummetUITests */,
			);
		};
/* End PBXProject section */

/* Begin PBXResourcesBuildPhase section */
		202813871BD1E0A2008B38EA /* Resources */ = {
			isa = PBXResourcesBuildPhase;
			buildActionMask = 2147483647;
			files = (
				202813971BD1E0A2008B38EA /* LaunchScreen.storyboard in Resources */,
				202813941BD1E0A2008B38EA /* Assets.xcassets in Resources */,
				202813921BD1E0A2008B38EA /* Main.storyboard in Resources */,
			);
			runOnlyForDeploymentPostprocessing = 0;
		};
		2028139B1BD1E0A2008B38EA /* Resources */ = {
			isa = PBXResourcesBuildPhase;
			buildActionMask = 2147483647;
			files = (
			);
			runOnlyForDeploymentPostprocessing = 0;
		};
		202813A61BD1E0A2008B38EA /* Resources */ = {
			isa = PBXResourcesBuildPhase;
			buildActionMask = 2147483647;
			files = (
			);
			runOnlyForDeploymentPostprocessing = 0;
		};
/* End PBXResourcesBuildPhase section */

/* Begin PBXSourcesBuildPhase section */
		202813851BD1E0A2008B38EA /* Sources */ = {
			isa = PBXSourcesBuildPhase;
			buildActionMask = 2147483647;
			files = (
				2028138F1BD1E0A2008B38EA /* ViewController.swift in Sources */,
				2028138D1BD1E0A2008B38EA /* AppDelegate.swift in Sources */,
				202813BB1BD1E36B008B38EA /* PlummetScene.swift in Sources */,
			);
			runOnlyForDeploymentPostprocessing = 0;
		};
		202813991BD1E0A2008B38EA /* Sources */ = {
			isa = PBXSourcesBuildPhase;
			buildActionMask = 2147483647;
			files = (
				202813A21BD1E0A2008B38EA /* PlummetTests.swift in Sources */,
			);
			runOnlyForDeploymentPostprocessing = 0;
		};
		202813A41BD1E0A2008B38EA /* Sources */ = {
			isa = PBXSourcesBuildPhase;
			buildActionMask = 2147483647;
			files = (
				202813AD1BD1E0A2008B38EA /* PlummetUITests.swift in Sources */,
			);
			runOnlyForDeploymentPostprocessing = 0;
		};
/* End PBXSourcesBuildPhase section */

/* Begin PBXTargetDependency section */
		2028139F1BD1E0A2008B38EA /* PBXTargetDependency */ = {
			isa = PBXTargetDependency;
			target = 202813881BD1E0A2008B38EA /* Plummet */;
			targetProxy = 2028139E1BD1E0A2008B38EA /* PBXContainerItemProxy */;
		};
		202813AA1BD1E0A2008B38EA /* PBXTargetDependency */ = {
			isa = PBXTargetDependency;
			target = 202813881BD1E0A2008B38EA /* Plummet */;
			targetProxy = 202813A91BD1E0A2008B38EA /* PBXContainerItemProxy */;
		};
/* End PBXTargetDependency section */

/* Begin PBXVariantGroup section */
		202813901BD1E0A2008B38EA /* Main.storyboard */ = {
			isa = PBXVariantGroup;
			children = (
				202813911BD1E0A2008B38EA /* Base */,
			);
			name = Main.storyboard;
			sourceTree = "<group>";
		};
		202813951BD1E0A2008B38EA /* LaunchScreen.storyboard */ = {
			isa = PBXVariantGroup;
			children = (
				202813961BD1E0A2008B38EA /* Base */,
			);
			name = LaunchScreen.storyboard;
			sourceTree = "<group>";
		};
/* End PBXVariantGroup section */

/* Begin XCBuildConfiguration section */
		202813AF1BD1E0A2008B38EA /* Debug */ = {
			isa = XCBuildConfiguration;
			buildSettings = {
				ALWAYS_SEARCH_USER_PATHS = NO;
				CLANG_CXX_LANGUAGE_STANDARD = "gnu++0x";
				CLANG_CXX_LIBRARY = "libc++";
				CLANG_ENABLE_MODULES = YES;
				CLANG_ENABLE_OBJC_ARC = YES;
				CLANG_WARN_BOOL_CONVERSION = YES;
				CLANG_WARN_CONSTANT_CONVERSION = YES;
				CLANG_WARN_DIRECT_OBJC_ISA_USAGE = YES_ERROR;
				CLANG_WARN_EMPTY_BODY = YES;
				CLANG_WARN_ENUM_CONVERSION = YES;
				CLANG_WARN_INT_CONVERSION = YES;
				CLANG_WARN_OBJC_ROOT_CLASS = YES_ERROR;
				CLANG_WARN_UNREACHABLE_CODE = YES;
				CLANG_WARN__DUPLICATE_METHOD_MATCH = YES;
				"CODE_SIGN_IDENTITY[sdk=iphoneos*]" = "iPhone Developer";
				COPY_PHASE_STRIP = NO;
				DEBUG_INFORMATION_FORMAT = dwarf;
				ENABLE_STRICT_OBJC_MSGSEND = YES;
				ENABLE_TESTABILITY = YES;
				GCC_C_LANGUAGE_STANDARD = gnu99;
				GCC_DYNAMIC_NO_PIC = NO;
				GCC_NO_COMMON_BLOCKS = YES;
				GCC_OPTIMIZATION_LEVEL = 0;
				GCC_PREPROCESSOR_DEFINITIONS = (
					"DEBUG=1",
					"$(inherited)",
				);
				GCC_WARN_64_TO_32_BIT_CONVERSION = YES;
				GCC_WARN_ABOUT_RETURN_TYPE = YES_ERROR;
				GCC_WARN_UNDECLARED_SELECTOR = YES;
				GCC_WARN_UNINITIALIZED_AUTOS = YES_AGGRESSIVE;
				GCC_WARN_UNUSED_FUNCTION = YES;
				GCC_WARN_UNUSED_VARIABLE = YES;
				IPHONEOS_DEPLOYMENT_TARGET = 9.0;
				MTL_ENABLE_DEBUG_INFO = YES;
				ONLY_ACTIVE_ARCH = YES;
				SDKROOT = iphoneos;
				SWIFT_OPTIMIZATION_LEVEL = "-Onone";
				TARGETED_DEVICE_FAMILY = "1,2";
			};
			name = Debug;
		};
		202813B01BD1E0A2008B38EA /* Release */ = {
			isa = XCBuildConfiguration;
			buildSettings = {
				ALWAYS_SEARCH_USER_PATHS = NO;
				CLANG_CXX_LANGUAGE_STANDARD = "gnu++0x";
				CLANG_CXX_LIBRARY = "libc++";
				CLANG_ENABLE_MODULES = YES;
				CLANG_ENABLE_OBJC_ARC = YES;
				CLANG_WARN_BOOL_CONVERSION = YES;
				CLANG_WARN_CONSTANT_CONVERSION = YES;
				CLANG_WARN_DIRECT_OBJC_ISA_USAGE = YES_ERROR;
				CLANG_WARN_EMPTY_BODY = YES;
				CLANG_WARN_ENUM_CONVERSION = YES;
				CLANG_WARN_INT_CONVERSION = YES;
				CLANG_WARN_OBJC_ROOT_CLASS = YES_ERROR;
				CLANG_WARN_UNREACHABLE_CODE = YES;
				CLANG_WARN__DUPLICATE_METHOD_MATCH = YES;
				"CODE_SIGN_IDENTITY[sdk=iphoneos*]" = "iPhone Developer";
				COPY_PHASE_STRIP = NO;
				DEBUG_INFORMATION_FORMAT = "dwarf-with-dsym";
				ENABLE_NS_ASSERTIONS = NO;
				ENABLE_STRICT_OBJC_MSGSEND = YES;
				GCC_C_LANGUAGE_STANDARD = gnu99;
				GCC_NO_COMMON_BLOCKS = YES;
				GCC_WARN_64_TO_32_BIT_CONVERSION = YES;
				GCC_WARN_ABOUT_RETURN_TYPE = YES_ERROR;
				GCC_WARN_UNDECLARED_SELECTOR = YES;
				GCC_WARN_UNINITIALIZED_AUTOS = YES_AGGRESSIVE;
				GCC_WARN_UNUSED_FUNCTION = YES;
				GCC_WARN_UNUSED_VARIABLE = YES;
				IPHONEOS_DEPLOYMENT_TARGET = 9.0;
				MTL_ENABLE_DEBUG_INFO = NO;
				SDKROOT = iphoneos;
				TARGETED_DEVICE_FAMILY = "1,2";
				VALIDATE_PRODUCT = YES;
			};
			name = Release;
		};
		202813B21BD1E0A2008B38EA /* Debug */ = {
			isa = XCBuildConfiguration;
			buildSettings = {
				ASSETCATALOG_COMPILER_APPICON_NAME = AppIcon;
				INFOPLIST_FILE = Plummet/Info.plist;
				LD_RUNPATH_SEARCH_PATHS = "$(inherited) @executable_path/Frameworks";
				PRODUCT_BUNDLE_IDENTIFIER = edu.washington.pce.Plummet;
				PRODUCT_NAME = "$(TARGET_NAME)";
			};
			name = Debug;
		};
		202813B31BD1E0A2008B38EA /* Release */ = {
			isa = XCBuildConfiguration;
			buildSettings = {
				ASSETCATALOG_COMPILER_APPICON_NAME = AppIcon;
				INFOPLIST_FILE = Plummet/Info.plist;
				LD_RUNPATH_SEARCH_PATHS = "$(inherited) @executable_path/Frameworks";
				PRODUCT_BUNDLE_IDENTIFIER = edu.washington.pce.Plummet;
				PRODUCT_NAME = "$(TARGET_NAME)";
			};
			name = Release;
		};
		202813B51BD1E0A2008B38EA /* Debug */ = {
			isa = XCBuildConfiguration;
			buildSettings = {
				BUNDLE_LOADER = "$(TEST_HOST)";
				INFOPLIST_FILE = PlummetTests/Info.plist;
				LD_RUNPATH_SEARCH_PATHS = "$(inherited) @executable_path/Frameworks @loader_path/Frameworks";
				PRODUCT_BUNDLE_IDENTIFIER = edu.washington.pce.PlummetTests;
				PRODUCT_NAME = "$(TARGET_NAME)";
				TEST_HOST = "$(BUILT_PRODUCTS_DIR)/Plummet.app/Plummet";
			};
			name = Debug;
		};
		202813B61BD1E0A2008B38EA /* Release */ = {
			isa = XCBuildConfiguration;
			buildSettings = {
				BUNDLE_LOADER = "$(TEST_HOST)";
				INFOPLIST_FILE = PlummetTests/Info.plist;
				LD_RUNPATH_SEARCH_PATHS = "$(inherited) @executable_path/Frameworks @loader_path/Frameworks";
				PRODUCT_BUNDLE_IDENTIFIER = edu.washington.pce.PlummetTests;
				PRODUCT_NAME = "$(TARGET_NAME)";
				TEST_HOST = "$(BUILT_PRODUCTS_DIR)/Plummet.app/Plummet";
			};
			name = Release;
		};
		202813B81BD1E0A2008B38EA /* Debug */ = {
			isa = XCBuildConfiguration;
			buildSettings = {
				INFOPLIST_FILE = PlummetUITests/Info.plist;
				LD_RUNPATH_SEARCH_PATHS = "$(inherited) @executable_path/Frameworks @loader_path/Frameworks";
				PRODUCT_BUNDLE_IDENTIFIER = edu.washington.pce.PlummetUITests;
				PRODUCT_NAME = "$(TARGET_NAME)";
				TEST_TARGET_NAME = Plummet;
				USES_XCTRUNNER = YES;
			};
			name = Debug;
		};
		202813B91BD1E0A2008B38EA /* Release */ = {
			isa = XCBuildConfiguration;
			buildSettings = {
				INFOPLIST_FILE = PlummetUITests/Info.plist;
				LD_RUNPATH_SEARCH_PATHS = "$(inherited) @executable_path/Frameworks @loader_path/Frameworks";
				PRODUCT_BUNDLE_IDENTIFIER = edu.washington.pce.PlummetUITests;
				PRODUCT_NAME = "$(TARGET_NAME)";
				TEST_TARGET_NAME = Plummet;
				USES_XCTRUNNER = YES;
			};
			name = Release;
		};
/* End XCBuildConfiguration section */

/* Begin XCConfigurationList section */
		202813841BD1E0A2008B38EA /* Build configuration list for PBXProject "Plummet" */ = {
			isa = XCConfigurationList;
			buildConfigurations = (
				202813AF1BD1E0A2008B38EA /* Debug */,
				202813B01BD1E0A2008B38EA /* Release */,
			);
			defaultConfigurationIsVisible = 0;
			defaultConfigurationName = Release;
		};
		202813B11BD1E0A2008B38EA /* Build configuration list for PBXNativeTarget "Plummet" */ = {
			isa = XCConfigurationList;
			buildConfigurations = (
				202813B21BD1E0A2008B38EA /* Debug */,
				202813B31BD1E0A2008B38EA /* Release */,
			);
			defaultConfigurationIsVisible = 0;
		};
		202813B41BD1E0A2008B38EA /* Build configuration list for PBXNativeTarget "PlummetTests" */ = {
			isa = XCConfigurationList;
			buildConfigurations = (
				202813B51BD1E0A2008B38EA /* Debug */,
				202813B61BD1E0A2008B38EA /* Release */,
			);
			defaultConfigurationIsVisible = 0;
		};
		202813B71BD1E0A2008B38EA /* Build configuration list for PBXNativeTarget "PlummetUITests" */ = {
			isa = XCConfigurationList;
			buildConfigurations = (
				202813B81BD1E0A2008B38EA /* Debug */,
				202813B91BD1E0A2008B38EA /* Release */,
			);
			defaultConfigurationIsVisible = 0;
		};
/* End XCConfigurationList section */
	};
	rootObject = 202813811BD1E0A2008B38EA /* Project object */;
}
