// !$*UTF8*$!
{
	archiveVersion = 1;
	classes = {
	};
	objectVersion = 46;
	objects = {

/* Begin PBXBuildFile section */
		2B75D98A1BE883B400C4E730 /* AppDelegate.swift in Sources */ = {isa = PBXBuildFile; fileRef = 2B75D9891BE883B400C4E730 /* AppDelegate.swift */; };
		2B75D98C1BE883B400C4E730 /* ViewController.swift in Sources */ = {isa = PBXBuildFile; fileRef = 2B75D98B1BE883B400C4E730 /* ViewController.swift */; };
		2B75D98F1BE883B400C4E730 /* Main.storyboard in Resources */ = {isa = PBXBuildFile; fileRef = 2B75D98D1BE883B400C4E730 /* Main.storyboard */; };
		2B75D9911BE883B500C4E730 /* Assets.xcassets in Resources */ = {isa = PBXBuildFile; fileRef = 2B75D9901BE883B500C4E730 /* Assets.xcassets */; };
		2B75D9941BE883B500C4E730 /* LaunchScreen.storyboard in Resources */ = {isa = PBXBuildFile; fileRef = 2B75D9921BE883B500C4E730 /* LaunchScreen.storyboard */; };
		2B75D99E1BE8869B00C4E730 /* CollisionDetectionScene.swift in Sources */ = {isa = PBXBuildFile; fileRef = 2B75D99D1BE8869B00C4E730 /* CollisionDetectionScene.swift */; };
/* End PBXBuildFile section */

/* Begin PBXFileReference section */
		2B75D9861BE883B400C4E730 /* Collision Detection Bostock.app */ = {isa = PBXFileReference; explicitFileType = wrapper.application; includeInIndex = 0; path = "Collision Detection Bostock.app"; sourceTree = BUILT_PRODUCTS_DIR; };
		2B75D9891BE883B400C4E730 /* AppDelegate.swift */ = {isa = PBXFileReference; lastKnownFileType = sourcecode.swift; path = AppDelegate.swift; sourceTree = "<group>"; };
		2B75D98B1BE883B400C4E730 /* ViewController.swift */ = {isa = PBXFileReference; lastKnownFileType = sourcecode.swift; path = ViewController.swift; sourceTree = "<group>"; };
		2B75D98E1BE883B400C4E730 /* Base */ = {isa = PBXFileReference; lastKnownFileType = file.storyboard; name = Base; path = Base.lproj/Main.storyboard; sourceTree = "<group>"; };
		2B75D9901BE883B500C4E730 /* Assets.xcassets */ = {isa = PBXFileReference; lastKnownFileType = folder.assetcatalog; path = Assets.xcassets; sourceTree = "<group>"; };
		2B75D9931BE883B500C4E730 /* Base */ = {isa = PBXFileReference; lastKnownFileType = file.storyboard; name = Base; path = Base.lproj/LaunchScreen.storyboard; sourceTree = "<group>"; };
		2B75D9951BE883B500C4E730 /* Info.plist */ = {isa = PBXFileReference; lastKnownFileType = text.plist.xml; path = Info.plist; sourceTree = "<group>"; };
		2B75D99D1BE8869B00C4E730 /* CollisionDetectionScene.swift */ = {isa = PBXFileReference; fileEncoding = 4; lastKnownFileType = sourcecode.swift; path = CollisionDetectionScene.swift; sourceTree = "<group>"; };
/* End PBXFileReference section */

/* Begin PBXFrameworksBuildPhase section */
		2B75D9831BE883B400C4E730 /* Frameworks */ = {
			isa = PBXFrameworksBuildPhase;
			buildActionMask = 2147483647;
			files = (
			);
			runOnlyForDeploymentPostprocessing = 0;
		};
/* End PBXFrameworksBuildPhase section */

/* Begin PBXGroup section */
		2B75D97D1BE883B400C4E730 = {
			isa = PBXGroup;
			children = (
				2B75D9881BE883B400C4E730 /* Collision Detection Bostock */,
				2B75D9871BE883B400C4E730 /* Products */,
			);
			sourceTree = "<group>";
		};
		2B75D9871BE883B400C4E730 /* Products */ = {
			isa = PBXGroup;
			children = (
				2B75D9861BE883B400C4E730 /* Collision Detection Bostock.app */,
			);
			name = Products;
			sourceTree = "<group>";
		};
		2B75D9881BE883B400C4E730 /* Collision Detection Bostock */ = {
			isa = PBXGroup;
			children = (
				2B75D99D1BE8869B00C4E730 /* CollisionDetectionScene.swift */,
				2B75D9891BE883B400C4E730 /* AppDelegate.swift */,
				2B75D98B1BE883B400C4E730 /* ViewController.swift */,
				2B75D98D1BE883B400C4E730 /* Main.storyboard */,
				2B75D9901BE883B500C4E730 /* Assets.xcassets */,
				2B75D9921BE883B500C4E730 /* LaunchScreen.storyboard */,
				2B75D9951BE883B500C4E730 /* Info.plist */,
			);
			path = "Collision Detection Bostock";
			sourceTree = "<group>";
		};
/* End PBXGroup section */

/* Begin PBXNativeTarget section */
		2B75D9851BE883B400C4E730 /* Collision Detection Bostock */ = {
			isa = PBXNativeTarget;
			buildConfigurationList = 2B75D9981BE883B500C4E730 /* Build configuration list for PBXNativeTarget "Collision Detection Bostock" */;
			buildPhases = (
				2B75D9821BE883B400C4E730 /* Sources */,
				2B75D9831BE883B400C4E730 /* Frameworks */,
				2B75D9841BE883B400C4E730 /* Resources */,
			);
			buildRules = (
			);
			dependencies = (
			);
			name = "Collision Detection Bostock";
			productName = "Collision Detection Bostock";
			productReference = 2B75D9861BE883B400C4E730 /* Collision Detection Bostock.app */;
			productType = "com.apple.product-type.application";
		};
/* End PBXNativeTarget section */

/* Begin PBXProject section */
		2B75D97E1BE883B400C4E730 /* Project object */ = {
			isa = PBXProject;
			attributes = {
				LastSwiftUpdateCheck = 0710;
				LastUpgradeCheck = 0710;
				ORGANIZATIONNAME = "Hal Mueller";
				TargetAttributes = {
					2B75D9851BE883B400C4E730 = {
						CreatedOnToolsVersion = 7.1;
					};
				};
			};
			buildConfigurationList = 2B75D9811BE883B400C4E730 /* Build configuration list for PBXProject "Collision Detection Bostock" */;
			compatibilityVersion = "Xcode 3.2";
			developmentRegion = English;
			hasScannedForEncodings = 0;
			knownRegions = (
				en,
				Base,
			);
			mainGroup = 2B75D97D1BE883B400C4E730;
			productRefGroup = 2B75D9871BE883B400C4E730 /* Products */;
			projectDirPath = "";
			projectRoot = "";
			targets = (
				2B75D9851BE883B400C4E730 /* Collision Detection Bostock */,
			);
		};
/* End PBXProject section */

/* Begin PBXResourcesBuildPhase section */
		2B75D9841BE883B400C4E730 /* Resources */ = {
			isa = PBXResourcesBuildPhase;
			buildActionMask = 2147483647;
			files = (
				2B75D9941BE883B500C4E730 /* LaunchScreen.storyboard in Resources */,
				2B75D9911BE883B500C4E730 /* Assets.xcassets in Resources */,
				2B75D98F1BE883B400C4E730 /* Main.storyboard in Resources */,
			);
			runOnlyForDeploymentPostprocessing = 0;
		};
/* End PBXResourcesBuildPhase section */

/* Begin PBXSourcesBuildPhase section */
		2B75D9821BE883B400C4E730 /* Sources */ = {
			isa = PBXSourcesBuildPhase;
			buildActionMask = 2147483647;
			files = (
				2B75D98C1BE883B400C4E730 /* ViewController.swift in Sources */,
				2B75D98A1BE883B400C4E730 /* AppDelegate.swift in Sources */,
				2B75D99E1BE8869B00C4E730 /* CollisionDetectionScene.swift in Sources */,
			);
			runOnlyForDeploymentPostprocessing = 0;
		};
/* End PBXSourcesBuildPhase section */

/* Begin PBXVariantGroup section */
		2B75D98D1BE883B400C4E730 /* Main.storyboard */ = {
			isa = PBXVariantGroup;
			children = (
				2B75D98E1BE883B400C4E730 /* Base */,
			);
			name = Main.storyboard;
			sourceTree = "<group>";
		};
		2B75D9921BE883B500C4E730 /* LaunchScreen.storyboard */ = {
			isa = PBXVariantGroup;
			children = (
				2B75D9931BE883B500C4E730 /* Base */,
			);
			name = LaunchScreen.storyboard;
			sourceTree = "<group>";
		};
/* End PBXVariantGroup section */

/* Begin XCBuildConfiguration section */
		2B75D9961BE883B500C4E730 /* Debug */ = {
			isa = XCBuildConfiguration;
			buildSettings = {
				ALWAYS_SEARCH_USER_PATHS = NO;
				CLANG_CXX_LANGUAGE_STANDARD = "gnu++0x";
				CLANG_CXX_LIBRARY = "libc++";
				CLANG_ENABLE_MODULES = YES;
				CLANG_ENABLE_OBJC_ARC = YES;
				CLANG_WARN_BOOL_CONVERSION = YES;
				CLANG_WARN_CONSTANT_CONVERSION = YES;
				CLANG_WARN_DIRECT_OBJC_ISA_USAGE = YES_ERROR;
				CLANG_WARN_EMPTY_BODY = YES;
				CLANG_WARN_ENUM_CONVERSION = YES;
				CLANG_WARN_INT_CONVERSION = YES;
				CLANG_WARN_OBJC_ROOT_CLASS = YES_ERROR;
				CLANG_WARN_UNREACHABLE_CODE = YES;
				CLANG_WARN__DUPLICATE_METHOD_MATCH = YES;
				"CODE_SIGN_IDENTITY[sdk=iphoneos*]" = "iPhone Developer";
				COPY_PHASE_STRIP = NO;
				DEBUG_INFORMATION_FORMAT = dwarf;
				ENABLE_STRICT_OBJC_MSGSEND = YES;
				ENABLE_TESTABILITY = YES;
				GCC_C_LANGUAGE_STANDARD = gnu99;
				GCC_DYNAMIC_NO_PIC = NO;
				GCC_NO_COMMON_BLOCKS = YES;
				GCC_OPTIMIZATION_LEVEL = 0;
				GCC_PREPROCESSOR_DEFINITIONS = (
					"DEBUG=1",
					"$(inherited)",
				);
				GCC_WARN_64_TO_32_BIT_CONVERSION = YES;
				GCC_WARN_ABOUT_RETURN_TYPE = YES_ERROR;
				GCC_WARN_UNDECLARED_SELECTOR = YES;
				GCC_WARN_UNINITIALIZED_AUTOS = YES_AGGRESSIVE;
				GCC_WARN_UNUSED_FUNCTION = YES;
				GCC_WARN_UNUSED_VARIABLE = YES;
				IPHONEOS_DEPLOYMENT_TARGET = 9.1;
				MTL_ENABLE_DEBUG_INFO = YES;
				ONLY_ACTIVE_ARCH = YES;
				SDKROOT = iphoneos;
				SWIFT_OPTIMIZATION_LEVEL = "-Onone";
				TARGETED_DEVICE_FAMILY = "1,2";
			};
			name = Debug;
		};
		2B75D9971BE883B500C4E730 /* Release */ = {
			isa = XCBuildConfiguration;
			buildSettings = {
				ALWAYS_SEARCH_USER_PATHS = NO;
				CLANG_CXX_LANGUAGE_STANDARD = "gnu++0x";
				CLANG_CXX_LIBRARY = "libc++";
				CLANG_ENABLE_MODULES = YES;
				CLANG_ENABLE_OBJC_ARC = YES;
				CLANG_WARN_BOOL_CONVERSION = YES;
				CLANG_WARN_CONSTANT_CONVERSION = YES;
				CLANG_WARN_DIRECT_OBJC_ISA_USAGE = YES_ERROR;
				CLANG_WARN_EMPTY_BODY = YES;
				CLANG_WARN_ENUM_CONVERSION = YES;
				CLANG_WARN_INT_CONVERSION = YES;
				CLANG_WARN_OBJC_ROOT_CLASS = YES_ERROR;
				CLANG_WARN_UNREACHABLE_CODE = YES;
				CLANG_WARN__DUPLICATE_METHOD_MATCH = YES;
				"CODE_SIGN_IDENTITY[sdk=iphoneos*]" = "iPhone Developer";
				COPY_PHASE_STRIP = NO;
				DEBUG_INFORMATION_FORMAT = "dwarf-with-dsym";
				ENABLE_NS_ASSERTIONS = NO;
				ENABLE_STRICT_OBJC_MSGSEND = YES;
				GCC_C_LANGUAGE_STANDARD = gnu99;
				GCC_NO_COMMON_BLOCKS = YES;
				GCC_WARN_64_TO_32_BIT_CONVERSION = YES;
				GCC_WARN_ABOUT_RETURN_TYPE = YES_ERROR;
				GCC_WARN_UNDECLARED_SELECTOR = YES;
				GCC_WARN_UNINITIALIZED_AUTOS = YES_AGGRESSIVE;
				GCC_WARN_UNUSED_FUNCTION = YES;
				GCC_WARN_UNUSED_VARIABLE = YES;
				IPHONEOS_DEPLOYMENT_TARGET = 9.1;
				MTL_ENABLE_DEBUG_INFO = NO;
				SDKROOT = iphoneos;
				TARGETED_DEVICE_FAMILY = "1,2";
				VALIDATE_PRODUCT = YES;
			};
			name = Release;
		};
		2B75D9991BE883B500C4E730 /* Debug */ = {
			isa = XCBuildConfiguration;
			buildSettings = {
				ASSETCATALOG_COMPILER_APPICON_NAME = AppIcon;
				INFOPLIST_FILE = "Collision Detection Bostock/Info.plist";
				LD_RUNPATH_SEARCH_PATHS = "$(inherited) @executable_path/Frameworks";
				PRODUCT_BUNDLE_IDENTIFIER = "com.halmueller.Collision-Detection-Bostock";
				PRODUCT_NAME = "$(TARGET_NAME)";
			};
			name = Debug;
		};
		2B75D99A1BE883B500C4E730 /* Release */ = {
			isa = XCBuildConfiguration;
			buildSettings = {
				ASSETCATALOG_COMPILER_APPICON_NAME = AppIcon;
				INFOPLIST_FILE = "Collision Detection Bostock/Info.plist";
				LD_RUNPATH_SEARCH_PATHS = "$(inherited) @executable_path/Frameworks";
				PRODUCT_BUNDLE_IDENTIFIER = "com.halmueller.Collision-Detection-Bostock";
				PRODUCT_NAME = "$(TARGET_NAME)";
			};
			name = Release;
		};
/* End XCBuildConfiguration section */

/* Begin XCConfigurationList section */
		2B75D9811BE883B400C4E730 /* Build configuration list for PBXProject "Collision Detection Bostock" */ = {
			isa = XCConfigurationList;
			buildConfigurations = (
				2B75D9961BE883B500C4E730 /* Debug */,
				2B75D9971BE883B500C4E730 /* Release */,
			);
			defaultConfigurationIsVisible = 0;
			defaultConfigurationName = Release;
		};
		2B75D9981BE883B500C4E730 /* Build configuration list for PBXNativeTarget "Collision Detection Bostock" */ = {
			isa = XCConfigurationList;
			buildConfigurations = (
				2B75D9991BE883B500C4E730 /* Debug */,
				2B75D99A1BE883B500C4E730 /* Release */,
			);
			defaultConfigurationIsVisible = 0;
			defaultConfigurationName = Release;
		};
/* End XCConfigurationList section */
	};
	rootObject = 2B75D97E1BE883B400C4E730 /* Project object */;
}
