// !$*UTF8*$!
{
	archiveVersion = 1;
	classes = {
	};
	objectVersion = 46;
	objects = {

/* Begin PBXBuildFile section */
		203B2CCD1BDB37DF009F1A4F /* AppDelegate.swift in Sources */ = {isa = PBXBuildFile; fileRef = 203B2CCC1BDB37DF009F1A4F /* AppDelegate.swift */; };
		203B2CCF1BDB37DF009F1A4F /* ViewController.swift in Sources */ = {isa = PBXBuildFile; fileRef = 203B2CCE1BDB37DF009F1A4F /* ViewController.swift */; };
		203B2CD21BDB37DF009F1A4F /* Main.storyboard in Resources */ = {isa = PBXBuildFile; fileRef = 203B2CD01BDB37DF009F1A4F /* Main.storyboard */; };
		203B2CD41BDB37DF009F1A4F /* Assets.xcassets in Resources */ = {isa = PBXBuildFile; fileRef = 203B2CD31BDB37DF009F1A4F /* Assets.xcassets */; };
		203B2CD71BDB37DF009F1A4F /* LaunchScreen.storyboard in Resources */ = {isa = PBXBuildFile; fileRef = 203B2CD51BDB37DF009F1A4F /* LaunchScreen.storyboard */; };
		203B2CE21BDB37DF009F1A4F /* Spiral_IllusionTests.swift in Sources */ = {isa = PBXBuildFile; fileRef = 203B2CE11BDB37DF009F1A4F /* Spiral_IllusionTests.swift */; };
		203B2CED1BDB37DF009F1A4F /* Spiral_IllusionUITests.swift in Sources */ = {isa = PBXBuildFile; fileRef = 203B2CEC1BDB37DF009F1A4F /* Spiral_IllusionUITests.swift */; };
/* End PBXBuildFile section */

/* Begin PBXContainerItemProxy section */
		203B2CDE1BDB37DF009F1A4F /* PBXContainerItemProxy */ = {
			isa = PBXContainerItemProxy;
			containerPortal = 203B2CC11BDB37DF009F1A4F /* Project object */;
			proxyType = 1;
			remoteGlobalIDString = 203B2CC81BDB37DF009F1A4F;
			remoteInfo = "Spiral Illusion";
		};
		203B2CE91BDB37DF009F1A4F /* PBXContainerItemProxy */ = {
			isa = PBXContainerItemProxy;
			containerPortal = 203B2CC11BDB37DF009F1A4F /* Project object */;
			proxyType = 1;
			remoteGlobalIDString = 203B2CC81BDB37DF009F1A4F;
			remoteInfo = "Spiral Illusion";
		};
/* End PBXContainerItemProxy section */

/* Begin PBXFileReference section */
		203B2CC91BDB37DF009F1A4F /* Spiral Illusion.app */ = {isa = PBXFileReference; explicitFileType = wrapper.application; includeInIndex = 0; path = "Spiral Illusion.app"; sourceTree = BUILT_PRODUCTS_DIR; };
		203B2CCC1BDB37DF009F1A4F /* AppDelegate.swift */ = {isa = PBXFileReference; lastKnownFileType = sourcecode.swift; path = AppDelegate.swift; sourceTree = "<group>"; };
		203B2CCE1BDB37DF009F1A4F /* ViewController.swift */ = {isa = PBXFileReference; lastKnownFileType = sourcecode.swift; path = ViewController.swift; sourceTree = "<group>"; };
		203B2CD11BDB37DF009F1A4F /* Base */ = {isa = PBXFileReference; lastKnownFileType = file.storyboard; name = Base; path = Base.lproj/Main.storyboard; sourceTree = "<group>"; };
		203B2CD31BDB37DF009F1A4F /* Assets.xcassets */ = {isa = PBXFileReference; lastKnownFileType = folder.assetcatalog; path = Assets.xcassets; sourceTree = "<group>"; };
		203B2CD61BDB37DF009F1A4F /* Base */ = {isa = PBXFileReference; lastKnownFileType = file.storyboard; name = Base; path = Base.lproj/LaunchScreen.storyboard; sourceTree = "<group>"; };
		203B2CD81BDB37DF009F1A4F /* Info.plist */ = {isa = PBXFileReference; lastKnownFileType = text.plist.xml; path = Info.plist; sourceTree = "<group>"; };
		203B2CDD1BDB37DF009F1A4F /* Spiral IllusionTests.xctest */ = {isa = PBXFileReference; explicitFileType = wrapper.cfbundle; includeInIndex = 0; path = "Spiral IllusionTests.xctest"; sourceTree = BUILT_PRODUCTS_DIR; };
		203B2CE11BDB37DF009F1A4F /* Spiral_IllusionTests.swift */ = {isa = PBXFileReference; lastKnownFileType = sourcecode.swift; path = Spiral_IllusionTests.swift; sourceTree = "<group>"; };
		203B2CE31BDB37DF009F1A4F /* Info.plist */ = {isa = PBXFileReference; lastKnownFileType = text.plist.xml; path = Info.plist; sourceTree = "<group>"; };
		203B2CE81BDB37DF009F1A4F /* Spiral IllusionUITests.xctest */ = {isa = PBXFileReference; explicitFileType = wrapper.cfbundle; includeInIndex = 0; path = "Spiral IllusionUITests.xctest"; sourceTree = BUILT_PRODUCTS_DIR; };
		203B2CEC1BDB37DF009F1A4F /* Spiral_IllusionUITests.swift */ = {isa = PBXFileReference; lastKnownFileType = sourcecode.swift; path = Spiral_IllusionUITests.swift; sourceTree = "<group>"; };
		203B2CEE1BDB37DF009F1A4F /* Info.plist */ = {isa = PBXFileReference; lastKnownFileType = text.plist.xml; path = Info.plist; sourceTree = "<group>"; };
/* End PBXFileReference section */

/* Begin PBXFrameworksBuildPhase section */
		203B2CC61BDB37DF009F1A4F /* Frameworks */ = {
			isa = PBXFrameworksBuildPhase;
			buildActionMask = 2147483647;
			files = (
			);
			runOnlyForDeploymentPostprocessing = 0;
		};
		203B2CDA1BDB37DF009F1A4F /* Frameworks */ = {
			isa = PBXFrameworksBuildPhase;
			buildActionMask = 2147483647;
			files = (
			);
			runOnlyForDeploymentPostprocessing = 0;
		};
		203B2CE51BDB37DF009F1A4F /* Frameworks */ = {
			isa = PBXFrameworksBuildPhase;
			buildActionMask = 2147483647;
			files = (
			);
			runOnlyForDeploymentPostprocessing = 0;
		};
/* End PBXFrameworksBuildPhase section */

/* Begin PBXGroup section */
		203B2CC01BDB37DF009F1A4F = {
			isa = PBXGroup;
			children = (
				203B2CCB1BDB37DF009F1A4F /* Spiral Illusion */,
				203B2CE01BDB37DF009F1A4F /* Spiral IllusionTests */,
				203B2CEB1BDB37DF009F1A4F /* Spiral IllusionUITests */,
				203B2CCA1BDB37DF009F1A4F /* Products */,
			);
			sourceTree = "<group>";
		};
		203B2CCA1BDB37DF009F1A4F /* Products */ = {
			isa = PBXGroup;
			children = (
				203B2CC91BDB37DF009F1A4F /* Spiral Illusion.app */,
				203B2CDD1BDB37DF009F1A4F /* Spiral IllusionTests.xctest */,
				203B2CE81BDB37DF009F1A4F /* Spiral IllusionUITests.xctest */,
			);
			name = Products;
			sourceTree = "<group>";
		};
		203B2CCB1BDB37DF009F1A4F /* Spiral Illusion */ = {
			isa = PBXGroup;
			children = (
				203B2CCC1BDB37DF009F1A4F /* AppDelegate.swift */,
				203B2CCE1BDB37DF009F1A4F /* ViewController.swift */,
				203B2CD01BDB37DF009F1A4F /* Main.storyboard */,
				203B2CD31BDB37DF009F1A4F /* Assets.xcassets */,
				203B2CD51BDB37DF009F1A4F /* LaunchScreen.storyboard */,
				203B2CD81BDB37DF009F1A4F /* Info.plist */,
			);
			path = "Spiral Illusion";
			sourceTree = "<group>";
		};
		203B2CE01BDB37DF009F1A4F /* Spiral IllusionTests */ = {
			isa = PBXGroup;
			children = (
				203B2CE11BDB37DF009F1A4F /* Spiral_IllusionTests.swift */,
				203B2CE31BDB37DF009F1A4F /* Info.plist */,
			);
			path = "Spiral IllusionTests";
			sourceTree = "<group>";
		};
		203B2CEB1BDB37DF009F1A4F /* Spiral IllusionUITests */ = {
			isa = PBXGroup;
			children = (
				203B2CEC1BDB37DF009F1A4F /* Spiral_IllusionUITests.swift */,
				203B2CEE1BDB37DF009F1A4F /* Info.plist */,
			);
			path = "Spiral IllusionUITests";
			sourceTree = "<group>";
		};
/* End PBXGroup section */

/* Begin PBXNativeTarget section */
		203B2CC81BDB37DF009F1A4F /* Spiral Illusion */ = {
			isa = PBXNativeTarget;
			buildConfigurationList = 203B2CF11BDB37DF009F1A4F /* Build configuration list for PBXNativeTarget "Spiral Illusion" */;
			buildPhases = (
				203B2CC51BDB37DF009F1A4F /* Sources */,
				203B2CC61BDB37DF009F1A4F /* Frameworks */,
				203B2CC71BDB37DF009F1A4F /* Resources */,
			);
			buildRules = (
			);
			dependencies = (
			);
			name = "Spiral Illusion";
			productName = "Spiral Illusion";
			productReference = 203B2CC91BDB37DF009F1A4F /* Spiral Illusion.app */;
			productType = "com.apple.product-type.application";
		};
		203B2CDC1BDB37DF009F1A4F /* Spiral IllusionTests */ = {
			isa = PBXNativeTarget;
			buildConfigurationList = 203B2CF41BDB37DF009F1A4F /* Build configuration list for PBXNativeTarget "Spiral IllusionTests" */;
			buildPhases = (
				203B2CD91BDB37DF009F1A4F /* Sources */,
				203B2CDA1BDB37DF009F1A4F /* Frameworks */,
				203B2CDB1BDB37DF009F1A4F /* Resources */,
			);
			buildRules = (
			);
			dependencies = (
				203B2CDF1BDB37DF009F1A4F /* PBXTargetDependency */,
			);
			name = "Spiral IllusionTests";
			productName = "Spiral IllusionTests";
			productReference = 203B2CDD1BDB37DF009F1A4F /* Spiral IllusionTests.xctest */;
			productType = "com.apple.product-type.bundle.unit-test";
		};
		203B2CE71BDB37DF009F1A4F /* Spiral IllusionUITests */ = {
			isa = PBXNativeTarget;
			buildConfigurationList = 203B2CF71BDB37DF009F1A4F /* Build configuration list for PBXNativeTarget "Spiral IllusionUITests" */;
			buildPhases = (
				203B2CE41BDB37DF009F1A4F /* Sources */,
				203B2CE51BDB37DF009F1A4F /* Frameworks */,
				203B2CE61BDB37DF009F1A4F /* Resources */,
			);
			buildRules = (
			);
			dependencies = (
				203B2CEA1BDB37DF009F1A4F /* PBXTargetDependency */,
			);
			name = "Spiral IllusionUITests";
			productName = "Spiral IllusionUITests";
			productReference = 203B2CE81BDB37DF009F1A4F /* Spiral IllusionUITests.xctest */;
			productType = "com.apple.product-type.bundle.ui-testing";
		};
/* End PBXNativeTarget section */

/* Begin PBXProject section */
		203B2CC11BDB37DF009F1A4F /* Project object */ = {
			isa = PBXProject;
			attributes = {
				LastSwiftUpdateCheck = 0710;
				LastUpgradeCheck = 0710;
				ORGANIZATIONNAME = "Hal Mueller";
				TargetAttributes = {
					203B2CC81BDB37DF009F1A4F = {
						CreatedOnToolsVersion = 7.1;
					};
					203B2CDC1BDB37DF009F1A4F = {
						CreatedOnToolsVersion = 7.1;
						TestTargetID = 203B2CC81BDB37DF009F1A4F;
					};
					203B2CE71BDB37DF009F1A4F = {
						CreatedOnToolsVersion = 7.1;
						TestTargetID = 203B2CC81BDB37DF009F1A4F;
					};
				};
			};
			buildConfigurationList = 203B2CC41BDB37DF009F1A4F /* Build configuration list for PBXProject "Spiral Illusion" */;
			compatibilityVersion = "Xcode 3.2";
			developmentRegion = English;
			hasScannedForEncodings = 0;
			knownRegions = (
				en,
				Base,
			);
			mainGroup = 203B2CC01BDB37DF009F1A4F;
			productRefGroup = 203B2CCA1BDB37DF009F1A4F /* Products */;
			projectDirPath = "";
			projectRoot = "";
			targets = (
				203B2CC81BDB37DF009F1A4F /* Spiral Illusion */,
				203B2CDC1BDB37DF009F1A4F /* Spiral IllusionTests */,
				203B2CE71BDB37DF009F1A4F /* Spiral IllusionUITests */,
			);
		};
/* End PBXProject section */

/* Begin PBXResourcesBuildPhase section */
		203B2CC71BDB37DF009F1A4F /* Resources */ = {
			isa = PBXResourcesBuildPhase;
			buildActionMask = 2147483647;
			files = (
				203B2CD71BDB37DF009F1A4F /* LaunchScreen.storyboard in Resources */,
				203B2CD41BDB37DF009F1A4F /* Assets.xcassets in Resources */,
				203B2CD21BDB37DF009F1A4F /* Main.storyboard in Resources */,
			);
			runOnlyForDeploymentPostprocessing = 0;
		};
		203B2CDB1BDB37DF009F1A4F /* Resources */ = {
			isa = PBXResourcesBuildPhase;
			buildActionMask = 2147483647;
			files = (
			);
			runOnlyForDeploymentPostprocessing = 0;
		};
		203B2CE61BDB37DF009F1A4F /* Resources */ = {
			isa = PBXResourcesBuildPhase;
			buildActionMask = 2147483647;
			files = (
			);
			runOnlyForDeploymentPostprocessing = 0;
		};
/* End PBXResourcesBuildPhase section */

/* Begin PBXSourcesBuildPhase section */
		203B2CC51BDB37DF009F1A4F /* Sources */ = {
			isa = PBXSourcesBuildPhase;
			buildActionMask = 2147483647;
			files = (
				203B2CCF1BDB37DF009F1A4F /* ViewController.swift in Sources */,
				203B2CCD1BDB37DF009F1A4F /* AppDelegate.swift in Sources */,
			);
			runOnlyForDeploymentPostprocessing = 0;
		};
		203B2CD91BDB37DF009F1A4F /* Sources */ = {
			isa = PBXSourcesBuildPhase;
			buildActionMask = 2147483647;
			files = (
				203B2CE21BDB37DF009F1A4F /* Spiral_IllusionTests.swift in Sources */,
			);
			runOnlyForDeploymentPostprocessing = 0;
		};
		203B2CE41BDB37DF009F1A4F /* Sources */ = {
			isa = PBXSourcesBuildPhase;
			buildActionMask = 2147483647;
			files = (
				203B2CED1BDB37DF009F1A4F /* Spiral_IllusionUITests.swift in Sources */,
			);
			runOnlyForDeploymentPostprocessing = 0;
		};
/* End PBXSourcesBuildPhase section */

/* Begin PBXTargetDependency section */
		203B2CDF1BDB37DF009F1A4F /* PBXTargetDependency */ = {
			isa = PBXTargetDependency;
			target = 203B2CC81BDB37DF009F1A4F /* Spiral Illusion */;
			targetProxy = 203B2CDE1BDB37DF009F1A4F /* PBXContainerItemProxy */;
		};
		203B2CEA1BDB37DF009F1A4F /* PBXTargetDependency */ = {
			isa = PBXTargetDependency;
			target = 203B2CC81BDB37DF009F1A4F /* Spiral Illusion */;
			targetProxy = 203B2CE91BDB37DF009F1A4F /* PBXContainerItemProxy */;
		};
/* End PBXTargetDependency section */

/* Begin PBXVariantGroup section */
		203B2CD01BDB37DF009F1A4F /* Main.storyboard */ = {
			isa = PBXVariantGroup;
			children = (
				203B2CD11BDB37DF009F1A4F /* Base */,
			);
			name = Main.storyboard;
			sourceTree = "<group>";
		};
		203B2CD51BDB37DF009F1A4F /* LaunchScreen.storyboard */ = {
			isa = PBXVariantGroup;
			children = (
				203B2CD61BDB37DF009F1A4F /* Base */,
			);
			name = LaunchScreen.storyboard;
			sourceTree = "<group>";
		};
/* End PBXVariantGroup section */

/* Begin XCBuildConfiguration section */
		203B2CEF1BDB37DF009F1A4F /* Debug */ = {
			isa = XCBuildConfiguration;
			buildSettings = {
				ALWAYS_SEARCH_USER_PATHS = NO;
				CLANG_CXX_LANGUAGE_STANDARD = "gnu++0x";
				CLANG_CXX_LIBRARY = "libc++";
				CLANG_ENABLE_MODULES = YES;
				CLANG_ENABLE_OBJC_ARC = YES;
				CLANG_WARN_BOOL_CONVERSION = YES;
				CLANG_WARN_CONSTANT_CONVERSION = YES;
				CLANG_WARN_DIRECT_OBJC_ISA_USAGE = YES_ERROR;
				CLANG_WARN_EMPTY_BODY = YES;
				CLANG_WARN_ENUM_CONVERSION = YES;
				CLANG_WARN_INT_CONVERSION = YES;
				CLANG_WARN_OBJC_ROOT_CLASS = YES_ERROR;
				CLANG_WARN_UNREACHABLE_CODE = YES;
				CLANG_WARN__DUPLICATE_METHOD_MATCH = YES;
				"CODE_SIGN_IDENTITY[sdk=iphoneos*]" = "iPhone Developer";
				COPY_PHASE_STRIP = NO;
				DEBUG_INFORMATION_FORMAT = dwarf;
				ENABLE_STRICT_OBJC_MSGSEND = YES;
				ENABLE_TESTABILITY = YES;
				GCC_C_LANGUAGE_STANDARD = gnu99;
				GCC_DYNAMIC_NO_PIC = NO;
				GCC_NO_COMMON_BLOCKS = YES;
				GCC_OPTIMIZATION_LEVEL = 0;
				GCC_PREPROCESSOR_DEFINITIONS = (
					"DEBUG=1",
					"$(inherited)",
				);
				GCC_WARN_64_TO_32_BIT_CONVERSION = YES;
				GCC_WARN_ABOUT_RETURN_TYPE = YES_ERROR;
				GCC_WARN_UNDECLARED_SELECTOR = YES;
				GCC_WARN_UNINITIALIZED_AUTOS = YES_AGGRESSIVE;
				GCC_WARN_UNUSED_FUNCTION = YES;
				GCC_WARN_UNUSED_VARIABLE = YES;
				IPHONEOS_DEPLOYMENT_TARGET = 9.1;
				MTL_ENABLE_DEBUG_INFO = YES;
				ONLY_ACTIVE_ARCH = YES;
				SDKROOT = iphoneos;
				SWIFT_OPTIMIZATION_LEVEL = "-Onone";
				TARGETED_DEVICE_FAMILY = "1,2";
			};
			name = Debug;
		};
		203B2CF01BDB37DF009F1A4F /* Release */ = {
			isa = XCBuildConfiguration;
			buildSettings = {
				ALWAYS_SEARCH_USER_PATHS = NO;
				CLANG_CXX_LANGUAGE_STANDARD = "gnu++0x";
				CLANG_CXX_LIBRARY = "libc++";
				CLANG_ENABLE_MODULES = YES;
				CLANG_ENABLE_OBJC_ARC = YES;
				CLANG_WARN_BOOL_CONVERSION = YES;
				CLANG_WARN_CONSTANT_CONVERSION = YES;
				CLANG_WARN_DIRECT_OBJC_ISA_USAGE = YES_ERROR;
				CLANG_WARN_EMPTY_BODY = YES;
				CLANG_WARN_ENUM_CONVERSION = YES;
				CLANG_WARN_INT_CONVERSION = YES;
				CLANG_WARN_OBJC_ROOT_CLASS = YES_ERROR;
				CLANG_WARN_UNREACHABLE_CODE = YES;
				CLANG_WARN__DUPLICATE_METHOD_MATCH = YES;
				"CODE_SIGN_IDENTITY[sdk=iphoneos*]" = "iPhone Developer";
				COPY_PHASE_STRIP = NO;
				DEBUG_INFORMATION_FORMAT = "dwarf-with-dsym";
				ENABLE_NS_ASSERTIONS = NO;
				ENABLE_STRICT_OBJC_MSGSEND = YES;
				GCC_C_LANGUAGE_STANDARD = gnu99;
				GCC_NO_COMMON_BLOCKS = YES;
				GCC_WARN_64_TO_32_BIT_CONVERSION = YES;
				GCC_WARN_ABOUT_RETURN_TYPE = YES_ERROR;
				GCC_WARN_UNDECLARED_SELECTOR = YES;
				GCC_WARN_UNINITIALIZED_AUTOS = YES_AGGRESSIVE;
				GCC_WARN_UNUSED_FUNCTION = YES;
				GCC_WARN_UNUSED_VARIABLE = YES;
				IPHONEOS_DEPLOYMENT_TARGET = 9.1;
				MTL_ENABLE_DEBUG_INFO = NO;
				SDKROOT = iphoneos;
				TARGETED_DEVICE_FAMILY = "1,2";
				VALIDATE_PRODUCT = YES;
			};
			name = Release;
		};
		203B2CF21BDB37DF009F1A4F /* Debug */ = {
			isa = XCBuildConfiguration;
			buildSettings = {
				ASSETCATALOG_COMPILER_APPICON_NAME = AppIcon;
				INFOPLIST_FILE = "Spiral Illusion/Info.plist";
				LD_RUNPATH_SEARCH_PATHS = "$(inherited) @executable_path/Frameworks";
				PRODUCT_BUNDLE_IDENTIFIER = "edu.washington.pce.Spiral-Illusion";
				PRODUCT_NAME = "$(TARGET_NAME)";
			};
			name = Debug;
		};
		203B2CF31BDB37DF009F1A4F /* Release */ = {
			isa = XCBuildConfiguration;
			buildSettings = {
				ASSETCATALOG_COMPILER_APPICON_NAME = AppIcon;
				INFOPLIST_FILE = "Spiral Illusion/Info.plist";
				LD_RUNPATH_SEARCH_PATHS = "$(inherited) @executable_path/Frameworks";
				PRODUCT_BUNDLE_IDENTIFIER = "edu.washington.pce.Spiral-Illusion";
				PRODUCT_NAME = "$(TARGET_NAME)";
			};
			name = Release;
		};
		203B2CF51BDB37DF009F1A4F /* Debug */ = {
			isa = XCBuildConfiguration;
			buildSettings = {
				BUNDLE_LOADER = "$(TEST_HOST)";
				INFOPLIST_FILE = "Spiral IllusionTests/Info.plist";
				LD_RUNPATH_SEARCH_PATHS = "$(inherited) @executable_path/Frameworks @loader_path/Frameworks";
				PRODUCT_BUNDLE_IDENTIFIER = "edu.washington.pce.Spiral-IllusionTests";
				PRODUCT_NAME = "$(TARGET_NAME)";
				TEST_HOST = "$(BUILT_PRODUCTS_DIR)/Spiral Illusion.app/Spiral Illusion";
			};
			name = Debug;
		};
		203B2CF61BDB37DF009F1A4F /* Release */ = {
			isa = XCBuildConfiguration;
			buildSettings = {
				BUNDLE_LOADER = "$(TEST_HOST)";
				INFOPLIST_FILE = "Spiral IllusionTests/Info.plist";
				LD_RUNPATH_SEARCH_PATHS = "$(inherited) @executable_path/Frameworks @loader_path/Frameworks";
				PRODUCT_BUNDLE_IDENTIFIER = "edu.washington.pce.Spiral-IllusionTests";
				PRODUCT_NAME = "$(TARGET_NAME)";
				TEST_HOST = "$(BUILT_PRODUCTS_DIR)/Spiral Illusion.app/Spiral Illusion";
			};
			name = Release;
		};
		203B2CF81BDB37DF009F1A4F /* Debug */ = {
			isa = XCBuildConfiguration;
			buildSettings = {
				INFOPLIST_FILE = "Spiral IllusionUITests/Info.plist";
				LD_RUNPATH_SEARCH_PATHS = "$(inherited) @executable_path/Frameworks @loader_path/Frameworks";
				PRODUCT_BUNDLE_IDENTIFIER = "edu.washington.pce.Spiral-IllusionUITests";
				PRODUCT_NAME = "$(TARGET_NAME)";
				TEST_TARGET_NAME = "Spiral Illusion";
				USES_XCTRUNNER = YES;
			};
			name = Debug;
		};
		203B2CF91BDB37DF009F1A4F /* Release */ = {
			isa = XCBuildConfiguration;
			buildSettings = {
				INFOPLIST_FILE = "Spiral IllusionUITests/Info.plist";
				LD_RUNPATH_SEARCH_PATHS = "$(inherited) @executable_path/Frameworks @loader_path/Frameworks";
				PRODUCT_BUNDLE_IDENTIFIER = "edu.washington.pce.Spiral-IllusionUITests";
				PRODUCT_NAME = "$(TARGET_NAME)";
				TEST_TARGET_NAME = "Spiral Illusion";
				USES_XCTRUNNER = YES;
			};
			name = Release;
		};
/* End XCBuildConfiguration section */

/* Begin XCConfigurationList section */
		203B2CC41BDB37DF009F1A4F /* Build configuration list for PBXProject "Spiral Illusion" */ = {
			isa = XCConfigurationList;
			buildConfigurations = (
				203B2CEF1BDB37DF009F1A4F /* Debug */,
				203B2CF01BDB37DF009F1A4F /* Release */,
			);
			defaultConfigurationIsVisible = 0;
			defaultConfigurationName = Release;
		};
		203B2CF11BDB37DF009F1A4F /* Build configuration list for PBXNativeTarget "Spiral Illusion" */ = {
			isa = XCConfigurationList;
			buildConfigurations = (
				203B2CF21BDB37DF009F1A4F /* Debug */,
				203B2CF31BDB37DF009F1A4F /* Release */,
			);
			defaultConfigurationIsVisible = 0;
		};
		203B2CF41BDB37DF009F1A4F /* Build configuration list for PBXNativeTarget "Spiral IllusionTests" */ = {
			isa = XCConfigurationList;
			buildConfigurations = (
				203B2CF51BDB37DF009F1A4F /* Debug */,
				203B2CF61BDB37DF009F1A4F /* Release */,
			);
			defaultConfigurationIsVisible = 0;
		};
		203B2CF71BDB37DF009F1A4F /* Build configuration list for PBXNativeTarget "Spiral IllusionUITests" */ = {
			isa = XCConfigurationList;
			buildConfigurations = (
				203B2CF81BDB37DF009F1A4F /* Debug */,
				203B2CF91BDB37DF009F1A4F /* Release */,
			);
			defaultConfigurationIsVisible = 0;
		};
/* End XCConfigurationList section */
	};
	rootObject = 203B2CC11BDB37DF009F1A4F /* Project object */;
}
