// !$*UTF8*$!
{
	archiveVersion = 1;
	classes = {
	};
	objectVersion = 46;
	objects = {

/* Begin PBXBuildFile section */
		2BAD1E3C1C1FCBBE00544399 /* AppDelegate.swift in Sources */ = {isa = PBXBuildFile; fileRef = 2BAD1E3B1C1FCBBE00544399 /* AppDelegate.swift */; };
		2BAD1E3E1C1FCBBE00544399 /* ViewController.swift in Sources */ = {isa = PBXBuildFile; fileRef = 2BAD1E3D1C1FCBBE00544399 /* ViewController.swift */; };
		2BAD1E411C1FCBBE00544399 /* Main.storyboard in Resources */ = {isa = PBXBuildFile; fileRef = 2BAD1E3F1C1FCBBE00544399 /* Main.storyboard */; };
		2BAD1E431C1FCBBE00544399 /* Assets.xcassets in Resources */ = {isa = PBXBuildFile; fileRef = 2BAD1E421C1FCBBE00544399 /* Assets.xcassets */; };
/* End PBXBuildFile section */

/* Begin PBXFileReference section */
		2BAD1E381C1FCBBE00544399 /* Voices Demo tvOS.app */ = {isa = PBXFileReference; explicitFileType = wrapper.application; includeInIndex = 0; path = "Voices Demo tvOS.app"; sourceTree = BUILT_PRODUCTS_DIR; };
		2BAD1E3B1C1FCBBE00544399 /* AppDelegate.swift */ = {isa = PBXFileReference; lastKnownFileType = sourcecode.swift; path = AppDelegate.swift; sourceTree = "<group>"; };
		2BAD1E3D1C1FCBBE00544399 /* ViewController.swift */ = {isa = PBXFileReference; lastKnownFileType = sourcecode.swift; path = ViewController.swift; sourceTree = "<group>"; };
		2BAD1E401C1FCBBE00544399 /* Base */ = {isa = PBXFileReference; lastKnownFileType = file.storyboard; name = Base; path = Base.lproj/Main.storyboard; sourceTree = "<group>"; };
		2BAD1E421C1FCBBE00544399 /* Assets.xcassets */ = {isa = PBXFileReference; lastKnownFileType = folder.assetcatalog; path = Assets.xcassets; sourceTree = "<group>"; };
		2BAD1E441C1FCBBE00544399 /* Info.plist */ = {isa = PBXFileReference; lastKnownFileType = text.plist.xml; path = Info.plist; sourceTree = "<group>"; };
/* End PBXFileReference section */

/* Begin PBXFrameworksBuildPhase section */
		2BAD1E351C1FCBBE00544399 /* Frameworks */ = {
			isa = PBXFrameworksBuildPhase;
			buildActionMask = 2147483647;
			files = (
			);
			runOnlyForDeploymentPostprocessing = 0;
		};
/* End PBXFrameworksBuildPhase section */

/* Begin PBXGroup section */
		2BAD1E2F1C1FCBBE00544399 = {
			isa = PBXGroup;
			children = (
				2BAD1E3A1C1FCBBE00544399 /* Voices Demo tvOS */,
				2BAD1E391C1FCBBE00544399 /* Products */,
			);
			sourceTree = "<group>";
		};
		2BAD1E391C1FCBBE00544399 /* Products */ = {
			isa = PBXGroup;
			children = (
				2BAD1E381C1FCBBE00544399 /* Voices Demo tvOS.app */,
			);
			name = Products;
			sourceTree = "<group>";
		};
		2BAD1E3A1C1FCBBE00544399 /* Voices Demo tvOS */ = {
			isa = PBXGroup;
			children = (
				2BAD1E3B1C1FCBBE00544399 /* AppDelegate.swift */,
				2BAD1E3D1C1FCBBE00544399 /* ViewController.swift */,
				2BAD1E3F1C1FCBBE00544399 /* Main.storyboard */,
				2BAD1E421C1FCBBE00544399 /* Assets.xcassets */,
				2BAD1E441C1FCBBE00544399 /* Info.plist */,
			);
			path = "Voices Demo tvOS";
			sourceTree = "<group>";
		};
/* End PBXGroup section */

/* Begin PBXNativeTarget section */
		2BAD1E371C1FCBBE00544399 /* Voices Demo tvOS */ = {
			isa = PBXNativeTarget;
			buildConfigurationList = 2BAD1E471C1FCBBE00544399 /* Build configuration list for PBXNativeTarget "Voices Demo tvOS" */;
			buildPhases = (
				2BAD1E341C1FCBBE00544399 /* Sources */,
				2BAD1E351C1FCBBE00544399 /* Frameworks */,
				2BAD1E361C1FCBBE00544399 /* Resources */,
			);
			buildRules = (
			);
			dependencies = (
			);
			name = "Voices Demo tvOS";
			productName = "Voices Demo tvOS";
			productReference = 2BAD1E381C1FCBBE00544399 /* Voices Demo tvOS.app */;
			productType = "com.apple.product-type.application";
		};
/* End PBXNativeTarget section */

/* Begin PBXProject section */
		2BAD1E301C1FCBBE00544399 /* Project object */ = {
			isa = PBXProject;
			attributes = {
				LastSwiftUpdateCheck = 0720;
				LastUpgradeCheck = 0720;
				ORGANIZATIONNAME = "Hal Mueller";
				TargetAttributes = {
					2BAD1E371C1FCBBE00544399 = {
						CreatedOnToolsVersion = 7.2;
					};
				};
			};
			buildConfigurationList = 2BAD1E331C1FCBBE00544399 /* Build configuration list for PBXProject "Voices Demo tvOS" */;
			compatibilityVersion = "Xcode 3.2";
			developmentRegion = English;
			hasScannedForEncodings = 0;
			knownRegions = (
				en,
				Base,
			);
			mainGroup = 2BAD1E2F1C1FCBBE00544399;
			productRefGroup = 2BAD1E391C1FCBBE00544399 /* Products */;
			projectDirPath = "";
			projectRoot = "";
			targets = (
				2BAD1E371C1FCBBE00544399 /* Voices Demo tvOS */,
			);
		};
/* End PBXProject section */

/* Begin PBXResourcesBuildPhase section */
		2BAD1E361C1FCBBE00544399 /* Resources */ = {
			isa = PBXResourcesBuildPhase;
			buildActionMask = 2147483647;
			files = (
				2BAD1E431C1FCBBE00544399 /* Assets.xcassets in Resources */,
				2BAD1E411C1FCBBE00544399 /* Main.storyboard in Resources */,
			);
			runOnlyForDeploymentPostprocessing = 0;
		};
/* End PBXResourcesBuildPhase section */

/* Begin PBXSourcesBuildPhase section */
		2BAD1E341C1FCBBE00544399 /* Sources */ = {
			isa = PBXSourcesBuildPhase;
			buildActionMask = 2147483647;
			files = (
				2BAD1E3E1C1FCBBE00544399 /* ViewController.swift in Sources */,
				2BAD1E3C1C1FCBBE00544399 /* AppDelegate.swift in Sources */,
			);
			runOnlyForDeploymentPostprocessing = 0;
		};
/* End PBXSourcesBuildPhase section */

/* Begin PBXVariantGroup section */
		2BAD1E3F1C1FCBBE00544399 /* Main.storyboard */ = {
			isa = PBXVariantGroup;
			children = (
				2BAD1E401C1FCBBE00544399 /* Base */,
			);
			name = Main.storyboard;
			sourceTree = "<group>";
		};
/* End PBXVariantGroup section */

/* Begin XCBuildConfiguration section */
		2BAD1E451C1FCBBE00544399 /* Debug */ = {
			isa = XCBuildConfiguration;
			buildSettings = {
				ALWAYS_SEARCH_USER_PATHS = NO;
				CLANG_CXX_LANGUAGE_STANDARD = "gnu++0x";
				CLANG_CXX_LIBRARY = "libc++";
				CLANG_ENABLE_MODULES = YES;
				CLANG_ENABLE_OBJC_ARC = YES;
				CLANG_WARN_BOOL_CONVERSION = YES;
				CLANG_WARN_CONSTANT_CONVERSION = YES;
				CLANG_WARN_DIRECT_OBJC_ISA_USAGE = YES_ERROR;
				CLANG_WARN_EMPTY_BODY = YES;
				CLANG_WARN_ENUM_CONVERSION = YES;
				CLANG_WARN_INT_CONVERSION = YES;
				CLANG_WARN_OBJC_ROOT_CLASS = YES_ERROR;
				CLANG_WARN_UNREACHABLE_CODE = YES;
				CLANG_WARN__DUPLICATE_METHOD_MATCH = YES;
				COPY_PHASE_STRIP = NO;
				DEBUG_INFORMATION_FORMAT = dwarf;
				ENABLE_STRICT_OBJC_MSGSEND = YES;
				ENABLE_TESTABILITY = YES;
				GCC_C_LANGUAGE_STANDARD = gnu99;
				GCC_DYNAMIC_NO_PIC = NO;
				GCC_NO_COMMON_BLOCKS = YES;
				GCC_OPTIMIZATION_LEVEL = 0;
				GCC_PREPROCESSOR_DEFINITIONS = (
					"DEBUG=1",
					"$(inherited)",
				);
				GCC_WARN_64_TO_32_BIT_CONVERSION = YES;
				GCC_WARN_ABOUT_RETURN_TYPE = YES_ERROR;
				GCC_WARN_UNDECLARED_SELECTOR = YES;
				GCC_WARN_UNINITIALIZED_AUTOS = YES_AGGRESSIVE;
				GCC_WARN_UNUSED_FUNCTION = YES;
				GCC_WARN_UNUSED_VARIABLE = YES;
				MTL_ENABLE_DEBUG_INFO = YES;
				ONLY_ACTIVE_ARCH = YES;
				SDKROOT = appletvos;
				SWIFT_OPTIMIZATION_LEVEL = "-Onone";
				TARGETED_DEVICE_FAMILY = 3;
				TVOS_DEPLOYMENT_TARGET = 9.1;
			};
			name = Debug;
		};
		2BAD1E461C1FCBBE00544399 /* Release */ = {
			isa = XCBuildConfiguration;
			buildSettings = {
				ALWAYS_SEARCH_USER_PATHS = NO;
				CLANG_CXX_LANGUAGE_STANDARD = "gnu++0x";
				CLANG_CXX_LIBRARY = "libc++";
				CLANG_ENABLE_MODULES = YES;
				CLANG_ENABLE_OBJC_ARC = YES;
				CLANG_WARN_BOOL_CONVERSION = YES;
				CLANG_WARN_CONSTANT_CONVERSION = YES;
				CLANG_WARN_DIRECT_OBJC_ISA_USAGE = YES_ERROR;
				CLANG_WARN_EMPTY_BODY = YES;
				CLANG_WARN_ENUM_CONVERSION = YES;
				CLANG_WARN_INT_CONVERSION = YES;
				CLANG_WARN_OBJC_ROOT_CLASS = YES_ERROR;
				CLANG_WARN_UNREACHABLE_CODE = YES;
				CLANG_WARN__DUPLICATE_METHOD_MATCH = YES;
				COPY_PHASE_STRIP = NO;
				DEBUG_INFORMATION_FORMAT = "dwarf-with-dsym";
				ENABLE_NS_ASSERTIONS = NO;
				ENABLE_STRICT_OBJC_MSGSEND = YES;
				GCC_C_LANGUAGE_STANDARD = gnu99;
				GCC_NO_COMMON_BLOCKS = YES;
				GCC_WARN_64_TO_32_BIT_CONVERSION = YES;
				GCC_WARN_ABOUT_RETURN_TYPE = YES_ERROR;
				GCC_WARN_UNDECLARED_SELECTOR = YES;
				GCC_WARN_UNINITIALIZED_AUTOS = YES_AGGRESSIVE;
				GCC_WARN_UNUSED_FUNCTION = YES;
				GCC_WARN_UNUSED_VARIABLE = YES;
				MTL_ENABLE_DEBUG_INFO = NO;
				SDKROOT = appletvos;
				TARGETED_DEVICE_FAMILY = 3;
				TVOS_DEPLOYMENT_TARGET = 9.1;
				VALIDATE_PRODUCT = YES;
			};
			name = Release;
		};
		2BAD1E481C1FCBBE00544399 /* Debug */ = {
			isa = XCBuildConfiguration;
			buildSettings = {
				ASSETCATALOG_COMPILER_APPICON_NAME = "App Icon & Top Shelf Image";
				ASSETCATALOG_COMPILER_LAUNCHIMAGE_NAME = LaunchImage;
				INFOPLIST_FILE = "Voices Demo tvOS/Info.plist";
				LD_RUNPATH_SEARCH_PATHS = "$(inherited) @executable_path/Frameworks";
				PRODUCT_BUNDLE_IDENTIFIER = "com.halmueller.Voices-Demo-tvOS";
				PRODUCT_NAME = "$(TARGET_NAME)";
			};
			name = Debug;
		};
		2BAD1E491C1FCBBE00544399 /* Release */ = {
			isa = XCBuildConfiguration;
			buildSettings = {
				ASSETCATALOG_COMPILER_APPICON_NAME = "App Icon & Top Shelf Image";
				ASSETCATALOG_COMPILER_LAUNCHIMAGE_NAME = LaunchImage;
				INFOPLIST_FILE = "Voices Demo tvOS/Info.plist";
				LD_RUNPATH_SEARCH_PATHS = "$(inherited) @executable_path/Frameworks";
				PRODUCT_BUNDLE_IDENTIFIER = "com.halmueller.Voices-Demo-tvOS";
				PRODUCT_NAME = "$(TARGET_NAME)";
			};
			name = Release;
		};
/* End XCBuildConfiguration section */

/* Begin XCConfigurationList section */
		2BAD1E331C1FCBBE00544399 /* Build configuration list for PBXProject "Voices Demo tvOS" */ = {
			isa = XCConfigurationList;
			buildConfigurations = (
				2BAD1E451C1FCBBE00544399 /* Debug */,
				2BAD1E461C1FCBBE00544399 /* Release */,
			);
			defaultConfigurationIsVisible = 0;
			defaultConfigurationName = Release;
		};
		2BAD1E471C1FCBBE00544399 /* Build configuration list for PBXNativeTarget "Voices Demo tvOS" */ = {
			isa = XCConfigurationList;
			buildConfigurations = (
				2BAD1E481C1FCBBE00544399 /* Debug */,
				2BAD1E491C1FCBBE00544399 /* Release */,
			);
			defaultConfigurationIsVisible = 0;
		};
/* End XCConfigurationList section */
	};
	rootObject = 2BAD1E301C1FCBBE00544399 /* Project object */;
}
